{
  "lockfileVersion": 1,
  "configVersion": 1,
  "workspaces": {
    "": {
      "dependencies": {
        "@tanstack/ai": "^0.3.0",
        "chromadb": "^3.2.2",
      },
      "devDependencies": {
        "@types/bun": "^1.3.8",
        "@types/node": "^25.1.0",
      },
    },
  },
  "packages": {
    "@tanstack/ai": ["@tanstack/ai@0.3.0", "", { "dependencies": { "@tanstack/devtools-event-client": "^0.4.0", "partial-json": "^0.1.7" } }, "sha512-+MmqvLFmM1XvzGzVm2Pwgj8TmN8l3AV5NikDgam+B1HZY0MGdj5Pz7QFFYDEjTmzcFrDSDOAIobxR7Qp2iuKog=="],

    "@tanstack/devtools-event-client": ["@tanstack/devtools-event-client@0.4.0", "", {}, "sha512-RPfGuk2bDZgcu9bAJodvO2lnZeHuz4/71HjZ0bGb/SPg8+lyTA+RLSKQvo7fSmPSi8/vcH3aKQ8EM9ywf1olaw=="],

    "@types/bun": ["@types/bun@1.3.8", "", { "dependencies": { "bun-types": "1.3.8" } }, "sha512-3LvWJ2q5GerAXYxO2mffLTqOzEu5qnhEAlh48Vnu8WQfnmSwbgagjGZV6BoHKJztENYEDn6QmVd949W4uESRJA=="],

    "@types/node": ["@types/node@25.1.0", "", { "dependencies": { "undici-types": "~7.16.0" } }, "sha512-t7frlewr6+cbx+9Ohpl0NOTKXZNV9xHRmNOvql47BFJKcEG1CxtxlPEEe+gR9uhVWM4DwhnvTF110mIL4yP9RA=="],

    "bun-types": ["bun-types@1.3.8", "", { "dependencies": { "@types/node": "*" } }, "sha512-fL99nxdOWvV4LqjmC+8Q9kW3M4QTtTR1eePs94v5ctGqU8OeceWrSUaRw3JYb7tU3FkMIAjkueehrHPPPGKi5Q=="],

    "chromadb": ["chromadb@3.2.2", "", { "dependencies": { "semver": "^7.7.1" }, "optionalDependencies": { "chromadb-js-bindings-darwin-arm64": "^1.2.1", "chromadb-js-bindings-darwin-x64": "^1.2.1", "chromadb-js-bindings-linux-arm64-gnu": "^1.2.1", "chromadb-js-bindings-linux-x64-gnu": "^1.2.1", "chromadb-js-bindings-win32-x64-msvc": "^1.2.1" }, "bin": { "chroma": "dist/cli.mjs" } }, "sha512-0Jp0uX1cr74hcK3N/Uk55ae/lqjDi3PY3g0ggplojlLCJ1elwbTU4V1gfzDenxZLrqoFWvmRa7JZPAFBA0oklQ=="],

    "chromadb-js-bindings-darwin-arm64": ["chromadb-js-bindings-darwin-arm64@1.2.1", "", { "os": "darwin", "cpu": "arm64" }, "sha512-h/xk938Dt/WRUdt8RN/YGMn3BPcRYH0M0dzoEL5R7ZEZRsrdUsGCKtvwUuVMFuh7Zi7+nmE79I2m7cqnFHh7oQ=="],

    "chromadb-js-bindings-darwin-x64": ["chromadb-js-bindings-darwin-x64@1.2.1", "", { "os": "darwin", "cpu": "x64" }, "sha512-yIlee4W36hw3g2nn85dbYsggda3kzse47/3My8+bsa2dFH/W/LPpQlVy1kWEZMffRV8GHt1Zrpsv83TApIcggw=="],

    "chromadb-js-bindings-linux-arm64-gnu": ["chromadb-js-bindings-linux-arm64-gnu@1.2.1", "", { "os": "linux", "cpu": "arm64" }, "sha512-oAJSsiXhlgWOmIG7gMu16YjI2n2Vz8NSsooCq/ZnkEYoYbaU0KQZmMLLh0dFt63SEAHrabfTttwDhIjIkJ+/dw=="],

    "chromadb-js-bindings-linux-x64-gnu": ["chromadb-js-bindings-linux-x64-gnu@1.2.1", "", { "os": "linux", "cpu": "x64" }, "sha512-hu9Wg8J9narhYDbckNtTT4H3xt7oN37XMKjC2YenA8JFxaPDT8JXoX3NcA/64eqi33SB8tf7Dn12Ys90Jp60GA=="],

    "chromadb-js-bindings-win32-x64-msvc": ["chromadb-js-bindings-win32-x64-msvc@1.2.1", "", { "os": "win32", "cpu": "x64" }, "sha512-4Eect14iwSNJ9vuh8PQMwKkf2YqlnIvcJ2h0wSEiCD4qUFw9WeSsNvP7U/fRiRhSMhEKBCNnhe0AGiOX9XMN2w=="],

    "partial-json": ["partial-json@0.1.7", "", {}, "sha512-Njv/59hHaokb/hRUjce3Hdv12wd60MtM9Z5Olmn+nehe0QDAsRtRbJPvJ0Z91TusF0SuZRIvnM+S4l6EIP8leA=="],

    "semver": ["semver@7.7.3", "", { "bin": { "semver": "bin/semver.js" } }, "sha512-SdsKMrI9TdgjdweUSR9MweHA4EJ8YxHn8DFaDisvhVlUOe4BF1tLD7GAj0lIqWVl+dPb/rExr0Btby5loQm20Q=="],

    "undici-types": ["undici-types@7.16.0", "", {}, "sha512-Zz+aZWSj8LE6zoxD+xrjh4VfkIG8Ya6LvYkZqtUQGJPZjYl53ypCaUwWqo7eI0x66KBGeRo+mlBEkMSeSZ38Nw=="],
  }
}
